github.com/ayeshLK/lib-disruptor v0.6.0 h1:ShU1UkFxkZ7tECF8ozo9YfipD91M3XR0DkilK4QbtBU=
github.com/ayeshLK/lib-disruptor v0.6.0/go.mod h1:K8F1NEAilO0oYCKa9wq95EFkC4OWPO/2AtB1Q2HuowU=
golang.org/x/sys v0.47.0 h1:o7XGOvZQCADBQQ4Y7VNq2dRWQR7JmOUW8Kxx4ZsNgWs=
golang.org/x/sys v0.47.0/go.mod h1:4GL1E5IUh+htKOUEOaiffhrAeqysfVGipDYzABqnCmw=
